// !$*UTF8*$!
{
	archiveVersion = 1;
	classes = {
	};
	objectVersion = 55;
	objects = {

/* Begin PBXBuildFile section */
		78ACA6E227ABD502002ACB0D /* MoneyView.swift in Sources */ = {isa = PBXBuildFile; fileRef = 78ACA6E127ABD502002ACB0D /* MoneyView.swift */; };
		78ACA6E427ABD7AC002ACB0D /* ShopView.swift in Sources */ = {isa = PBXBuildFile; fileRef = 78ACA6E327ABD7AC002ACB0D /* ShopView.swift */; };
		78CEE7CC2797376A002622B1 /* AppDelegate.swift in Sources */ = {isa = PBXBuildFile; fileRef = 78CEE7CB2797376A002622B1 /* AppDelegate.swift */; };
		78CEE7CE2797376A002622B1 /* SceneDelegate.swift in Sources */ = {isa = PBXBuildFile; fileRef = 78CEE7CD2797376A002622B1 /* SceneDelegate.swift */; };
		78CEE7D52797376C002622B1 /* Assets.xcassets in Resources */ = {isa = PBXBuildFile; fileRef = 78CEE7D42797376C002622B1 /* Assets.xcassets */; };
		78CEE7D82797376C002622B1 /* LaunchScreen.storyboard in Resources */ = {isa = PBXBuildFile; fileRef = 78CEE7D62797376C002622B1 /* LaunchScreen.storyboard */; };
		78CEE7E0279737C7002622B1 /* TabBarViewController.swift in Sources */ = {isa = PBXBuildFile; fileRef = 78CEE7DF279737C7002622B1 /* TabBarViewController.swift */; };
		78CEE7E22797383B002622B1 /* ExternalViewController.swift in Sources */ = {isa = PBXBuildFile; fileRef = 78CEE7E12797383B002622B1 /* ExternalViewController.swift */; };
		78CEE7E4279739F6002622B1 /* WebViewViewController.swift in Sources */ = {isa = PBXBuildFile; fileRef = 78CEE7E3279739F6002622B1 /* WebViewViewController.swift */; };
		78CEE7E627973A64002622B1 /* SafariViewController.swift in Sources */ = {isa = PBXBuildFile; fileRef = 78CEE7E527973A64002622B1 /* SafariViewController.swift */; };
/* End PBXBuildFile section */

/* Begin PBXFileReference section */
		78ACA6E127ABD502002ACB0D /* MoneyView.swift */ = {isa = PBXFileReference; lastKnownFileType = sourcecode.swift; path = MoneyView.swift; sourceTree = "<group>"; };
		78ACA6E327ABD7AC002ACB0D /* ShopView.swift */ = {isa = PBXFileReference; lastKnownFileType = sourcecode.swift; path = ShopView.swift; sourceTree = "<group>"; };
		78CEE7C82797376A002622B1 /* installmentsPoC.app */ = {isa = PBXFileReference; explicitFileType = wrapper.application; includeInIndex = 0; path = installmentsPoC.app; sourceTree = BUILT_PRODUCTS_DIR; };
		78CEE7CB2797376A002622B1 /* AppDelegate.swift */ = {isa = PBXFileReference; lastKnownFileType = sourcecode.swift; path = AppDelegate.swift; sourceTree = "<group>"; };
		78CEE7CD2797376A002622B1 /* SceneDelegate.swift */ = {isa = PBXFileReference; lastKnownFileType = sourcecode.swift; path = SceneDelegate.swift; sourceTree = "<group>"; };
		78CEE7D42797376C002622B1 /* Assets.xcassets */ = {isa = PBXFileReference; lastKnownFileType = folder.assetcatalog; path = Assets.xcassets; sourceTree = "<group>"; };
		78CEE7D72797376C002622B1 /* Base */ = {isa = PBXFileReference; lastKnownFileType = file.storyboard; name = Base; path = Base.lproj/LaunchScreen.storyboard; sourceTree = "<group>"; };
		78CEE7D92797376C002622B1 /* Info.plist */ = {isa = PBXFileReference; lastKnownFileType = text.plist.xml; path = Info.plist; sourceTree = "<group>"; };
		78CEE7DF279737C7002622B1 /* TabBarViewController.swift */ = {isa = PBXFileReference; lastKnownFileType = sourcecode.swift; path = TabBarViewController.swift; sourceTree = "<group>"; };
		78CEE7E12797383B002622B1 /* ExternalViewController.swift */ = {isa = PBXFileReference; lastKnownFileType = sourcecode.swift; path = ExternalViewController.swift; sourceTree = "<group>"; };
		78CEE7E3279739F6002622B1 /* WebViewViewController.swift */ = {isa = PBXFileReference; lastKnownFileType = sourcecode.swift; path = WebViewViewController.swift; sourceTree = "<group>"; };
		78CEE7E527973A64002622B1 /* SafariViewController.swift */ = {isa = PBXFileReference; lastKnownFileType = sourcecode.swift; path = SafariViewController.swift; sourceTree = "<group>"; };
/* End PBXFileReference section */

/* Begin PBXFrameworksBuildPhase section */
		78CEE7C52797376A002622B1 /* Frameworks */ = {
			isa = PBXFrameworksBuildPhase;
			buildActionMask = 2147483647;
			files = (
			);
			runOnlyForDeploymentPostprocessing = 0;
		};
/* End PBXFrameworksBuildPhase section */

/* Begin PBXGroup section */
		78CEE7BF2797376A002622B1 = {
			isa = PBXGroup;
			children = (
				78CEE7CA2797376A002622B1 /* installmentsPoC */,
				78CEE7C92797376A002622B1 /* Products */,
			);
			sourceTree = "<group>";
		};
		78CEE7C92797376A002622B1 /* Products */ = {
			isa = PBXGroup;
			children = (
				78CEE7C82797376A002622B1 /* installmentsPoC.app */,
			);
			name = Products;
			sourceTree = "<group>";
		};
		78CEE7CA2797376A002622B1 /* installmentsPoC */ = {
			isa = PBXGroup;
			children = (
				78ACA6E327ABD7AC002ACB0D /* ShopView.swift */,
				78ACA6E127ABD502002ACB0D /* MoneyView.swift */,
				78CEE7CB2797376A002622B1 /* AppDelegate.swift */,
				78CEE7CD2797376A002622B1 /* SceneDelegate.swift */,
				78CEE7D42797376C002622B1 /* Assets.xcassets */,
				78CEE7D62797376C002622B1 /* LaunchScreen.storyboard */,
				78CEE7D92797376C002622B1 /* Info.plist */,
				78CEE7DF279737C7002622B1 /* TabBarViewController.swift */,
				78CEE7E12797383B002622B1 /* ExternalViewController.swift */,
				78CEE7E3279739F6002622B1 /* WebViewViewController.swift */,
				78CEE7E527973A64002622B1 /* SafariViewController.swift */,
			);
			path = installmentsPoC;
			sourceTree = "<group>";
		};
/* End PBXGroup section */

/* Begin PBXNativeTarget section */
		78CEE7C72797376A002622B1 /* installmentsPoC */ = {
			isa = PBXNativeTarget;
			buildConfigurationList = 78CEE7DC2797376C002622B1 /* Build configuration list for PBXNativeTarget "installmentsPoC" */;
			buildPhases = (
				78CEE7C42797376A002622B1 /* Sources */,
				78CEE7C52797376A002622B1 /* Frameworks */,
				78CEE7C62797376A002622B1 /* Resources */,
			);
			buildRules = (
			);
			dependencies = (
			);
			name = installmentsPoC;
			productName = installmentsPoC;
			productReference = 78CEE7C82797376A002622B1 /* installmentsPoC.app */;
			productType = "com.apple.product-type.application";
		};
/* End PBXNativeTarget section */

/* Begin PBXProject section */
		78CEE7C02797376A002622B1 /* Project object */ = {
			isa = PBXProject;
			attributes = {
				BuildIndependentTargetsInParallel = 1;
				LastSwiftUpdateCheck = 1320;
				LastUpgradeCheck = 1320;
				TargetAttributes = {
					78CEE7C72797376A002622B1 = {
						CreatedOnToolsVersion = 13.2;
					};
				};
			};
			buildConfigurationList = 78CEE7C32797376A002622B1 /* Build configuration list for PBXProject "installmentsPoC" */;
			compatibilityVersion = "Xcode 13.0";
			developmentRegion = en;
			hasScannedForEncodings = 0;
			knownRegions = (
				en,
				Base,
			);
			mainGroup = 78CEE7BF2797376A002622B1;
			productRefGroup = 78CEE7C92797376A002622B1 /* Products */;
			projectDirPath = "";
			projectRoot = "";
			targets = (
				78CEE7C72797376A002622B1 /* installmentsPoC */,
			);
		};
/* End PBXProject section */

/* Begin PBXResourcesBuildPhase section */
		78CEE7C62797376A002622B1 /* Resources */ = {
			isa = PBXResourcesBuildPhase;
			buildActionMask = 2147483647;
			files = (
				78CEE7D82797376C002622B1 /* LaunchScreen.storyboard in Resources */,
				78CEE7D52797376C002622B1 /* Assets.xcassets in Resources */,
			);
			runOnlyForDeploymentPostprocessing = 0;
		};
/* End PBXResourcesBuildPhase section */

/* Begin PBXSourcesBuildPhase section */
		78CEE7C42797376A002622B1 /* Sources */ = {
			isa = PBXSourcesBuildPhase;
			buildActionMask = 2147483647;
			files = (
				78CEE7E4279739F6002622B1 /* WebViewViewController.swift in Sources */,
				78CEE7E0279737C7002622B1 /* TabBarViewController.swift in Sources */,
				78ACA6E227ABD502002ACB0D /* MoneyView.swift in Sources */,
				78CEE7E22797383B002622B1 /* ExternalViewController.swift in Sources */,
				78CEE7CC2797376A002622B1 /* AppDelegate.swift in Sources */,
				78CEE7E627973A64002622B1 /* SafariViewController.swift in Sources */,
				78ACA6E427ABD7AC002ACB0D /* ShopView.swift in Sources */,
				78CEE7CE2797376A002622B1 /* SceneDelegate.swift in Sources */,
			);
			runOnlyForDeploymentPostprocessing = 0;
		};
/* End PBXSourcesBuildPhase section */

/* Begin PBXVariantGroup section */
		78CEE7D62797376C002622B1 /* LaunchScreen.storyboard */ = {
			isa = PBXVariantGroup;
			children = (
				78CEE7D72797376C002622B1 /* Base */,
			);
			name = LaunchScreen.storyboard;
			sourceTree = "<group>";
		};
/* End PBXVariantGroup section */

/* Begin XCBuildConfiguration section */
		78CEE7DA2797376C002622B1 /* Debug */ = {
			isa = XCBuildConfiguration;
			buildSettings = {
				ALWAYS_SEARCH_USER_PATHS = NO;
				CLANG_ANALYZER_NONNULL = YES;
				CLANG_ANALYZER_NUMBER_OBJECT_CONVERSION = YES_AGGRESSIVE;
				CLANG_CXX_LANGUAGE_STANDARD = "gnu++17";
				CLANG_CXX_LIBRARY = "libc++";
				CLANG_ENABLE_MODULES = YES;
				CLANG_ENABLE_OBJC_ARC = YES;
				CLANG_ENABLE_OBJC_WEAK = YES;
				CLANG_WARN_BLOCK_CAPTURE_AUTORELEASING = YES;
				CLANG_WARN_BOOL_CONVERSION = YES;
				CLANG_WARN_COMMA = YES;
				CLANG_WARN_CONSTANT_CONVERSION = YES;
				CLANG_WARN_DEPRECATED_OBJC_IMPLEMENTATIONS = YES;
				CLANG_WARN_DIRECT_OBJC_ISA_USAGE = YES_ERROR;
				CLANG_WARN_DOCUMENTATION_COMMENTS = YES;
				CLANG_WARN_EMPTY_BODY = YES;
				CLANG_WARN_ENUM_CONVERSION = YES;
				CLANG_WARN_INFINITE_RECURSION = YES;
				CLANG_WARN_INT_CONVERSION = YES;
				CLANG_WARN_NON_LITERAL_NULL_CONVERSION = YES;
				CLANG_WARN_OBJC_IMPLICIT_RETAIN_SELF = YES;
				CLANG_WARN_OBJC_LITERAL_CONVERSION = YES;
				CLANG_WARN_OBJC_ROOT_CLASS = YES_ERROR;
				CLANG_WARN_QUOTED_INCLUDE_IN_FRAMEWORK_HEADER = YES;
				CLANG_WARN_RANGE_LOOP_ANALYSIS = YES;
				CLANG_WARN_STRICT_PROTOTYPES = YES;
				CLANG_WARN_SUSPICIOUS_MOVE = YES;
				CLANG_WARN_UNGUARDED_AVAILABILITY = YES_AGGRESSIVE;
				CLANG_WARN_UNREACHABLE_CODE = YES;
				CLANG_WARN__DUPLICATE_METHOD_MATCH = YES;
				COPY_PHASE_STRIP = NO;
				DEBUG_INFORMATION_FORMAT = dwarf;
				ENABLE_STRICT_OBJC_MSGSEND = YES;
				ENABLE_TESTABILITY = YES;
				GCC_C_LANGUAGE_STANDARD = gnu11;
				GCC_DYNAMIC_NO_PIC = NO;
				GCC_NO_COMMON_BLOCKS = YES;
				GCC_OPTIMIZATION_LEVEL = 0;
				GCC_PREPROCESSOR_DEFINITIONS = (
					"DEBUG=1",
					"$(inherited)",
				);
				GCC_WARN_64_TO_32_BIT_CONVERSION = YES;
				GCC_WARN_ABOUT_RETURN_TYPE = YES_ERROR;
				GCC_WARN_UNDECLARED_SELECTOR = YES;
				GCC_WARN_UNINITIALIZED_AUTOS = YES_AGGRESSIVE;
				GCC_WARN_UNUSED_FUNCTION = YES;
				GCC_WARN_UNUSED_VARIABLE = YES;
				IPHONEOS_DEPLOYMENT_TARGET = 15.2;
				MTL_ENABLE_DEBUG_INFO = INCLUDE_SOURCE;
				MTL_FAST_MATH = YES;
				ONLY_ACTIVE_ARCH = YES;
				SDKROOT = iphoneos;
				SWIFT_ACTIVE_COMPILATION_CONDITIONS = DEBUG;
				SWIFT_OPTIMIZATION_LEVEL = "-Onone";
			};
			name = Debug;
		};
		78CEE7DB2797376C002622B1 /* Release */ = {
			isa = XCBuildConfiguration;
			buildSettings = {
				ALWAYS_SEARCH_USER_PATHS = NO;
				CLANG_ANALYZER_NONNULL = YES;
				CLANG_ANALYZER_NUMBER_OBJECT_CONVERSION = YES_AGGRESSIVE;
				CLANG_CXX_LANGUAGE_STANDARD = "gnu++17";
				CLANG_CXX_LIBRARY = "libc++";
				CLANG_ENABLE_MODULES = YES;
				CLANG_ENABLE_OBJC_ARC = YES;
				CLANG_ENABLE_OBJC_WEAK = YES;
				CLANG_WARN_BLOCK_CAPTURE_AUTORELEASING = YES;
				CLANG_WARN_BOOL_CONVERSION = YES;
				CLANG_WARN_COMMA = YES;
				CLANG_WARN_CONSTANT_CONVERSION = YES;
				CLANG_WARN_DEPRECATED_OBJC_IMPLEMENTATIONS = YES;
				CLANG_WARN_DIRECT_OBJC_ISA_USAGE = YES_ERROR;
				CLANG_WARN_DOCUMENTATION_COMMENTS = YES;
				CLANG_WARN_EMPTY_BODY = YES;
				CLANG_WARN_ENUM_CONVERSION = YES;
				CLANG_WARN_INFINITE_RECURSION = YES;
				CLANG_WARN_INT_CONVERSION = YES;
				CLANG_WARN_NON_LITERAL_NULL_CONVERSION = YES;
				CLANG_WARN_OBJC_IMPLICIT_RETAIN_SELF = YES;
				CLANG_WARN_OBJC_LITERAL_CONVERSION = YES;
				CLANG_WARN_OBJC_ROOT_CLASS = YES_ERROR;
				CLANG_WARN_QUOTED_INCLUDE_IN_FRAMEWORK_HEADER = YES;
				CLANG_WARN_RANGE_LOOP_ANALYSIS = YES;
				CLANG_WARN_STRICT_PROTOTYPES = YES;
				CLANG_WARN_SUSPICIOUS_MOVE = YES;
				CLANG_WARN_UNGUARDED_AVAILABILITY = YES_AGGRESSIVE;
				CLANG_WARN_UNREACHABLE_CODE = YES;
				CLANG_WARN__DUPLICATE_METHOD_MATCH = YES;
				COPY_PHASE_STRIP = NO;
				DEBUG_INFORMATION_FORMAT = "dwarf-with-dsym";
				ENABLE_NS_ASSERTIONS = NO;
				ENABLE_STRICT_OBJC_MSGSEND = YES;
				GCC_C_LANGUAGE_STANDARD = gnu11;
				GCC_NO_COMMON_BLOCKS = YES;
				GCC_WARN_64_TO_32_BIT_CONVERSION = YES;
				GCC_WARN_ABOUT_RETURN_TYPE = YES_ERROR;
				GCC_WARN_UNDECLARED_SELECTOR = YES;
				GCC_WARN_UNINITIALIZED_AUTOS = YES_AGGRESSIVE;
				GCC_WARN_UNUSED_FUNCTION = YES;
				GCC_WARN_UNUSED_VARIABLE = YES;
				IPHONEOS_DEPLOYMENT_TARGET = 15.2;
				MTL_ENABLE_DEBUG_INFO = NO;
				MTL_FAST_MATH = YES;
				SDKROOT = iphoneos;
				SWIFT_COMPILATION_MODE = wholemodule;
				SWIFT_OPTIMIZATION_LEVEL = "-O";
				VALIDATE_PRODUCT = YES;
			};
			name = Release;
		};
		78CEE7DD2797376C002622B1 /* Debug */ = {
			isa = XCBuildConfiguration;
			buildSettings = {
				ASSETCATALOG_COMPILER_APPICON_NAME = AppIcon;
				ASSETCATALOG_COMPILER_GLOBAL_ACCENT_COLOR_NAME = AccentColor;
				CODE_SIGN_STYLE = Automatic;
				CURRENT_PROJECT_VERSION = 1;
				DEVELOPMENT_TEAM = ZA2SRBY4DV;
				GENERATE_INFOPLIST_FILE = YES;
				INFOPLIST_FILE = installmentsPoC/Info.plist;
				INFOPLIST_KEY_UIApplicationSupportsIndirectInputEvents = YES;
				INFOPLIST_KEY_UILaunchStoryboardName = LaunchScreen;
				INFOPLIST_KEY_UISupportedInterfaceOrientations_iPad = "UIInterfaceOrientationPortrait UIInterfaceOrientationPortraitUpsideDown UIInterfaceOrientationLandscapeLeft UIInterfaceOrientationLandscapeRight";
				INFOPLIST_KEY_UISupportedInterfaceOrientations_iPhone = "UIInterfaceOrientationPortrait UIInterfaceOrientationLandscapeLeft UIInterfaceOrientationLandscapeRight";
				LD_RUNPATH_SEARCH_PATHS = (
					"$(inherited)",
					"@executable_path/Frameworks",
				);
				MARKETING_VERSION = 1.0;
				PRODUCT_BUNDLE_IDENTIFIER = com.installmentsPoC;
				PRODUCT_NAME = "$(TARGET_NAME)";
				SWIFT_EMIT_LOC_STRINGS = YES;
				SWIFT_VERSION = 5.0;
				TARGETED_DEVICE_FAMILY = "1,2";
			};
			name = Debug;
		};
		78CEE7DE2797376C002622B1 /* Release */ = {
			isa = XCBuildConfiguration;
			buildSettings = {
				ASSETCATALOG_COMPILER_APPICON_NAME = AppIcon;
				ASSETCATALOG_COMPILER_GLOBAL_ACCENT_COLOR_NAME = AccentColor;
				CODE_SIGN_STYLE = Automatic;
				CURRENT_PROJECT_VERSION = 1;
				DEVELOPMENT_TEAM = ZA2SRBY4DV;
				GENERATE_INFOPLIST_FILE = YES;
				INFOPLIST_FILE = installmentsPoC/Info.plist;
				INFOPLIST_KEY_UIApplicationSupportsIndirectInputEvents = YES;
				INFOPLIST_KEY_UILaunchStoryboardName = LaunchScreen;
				INFOPLIST_KEY_UISupportedInterfaceOrientations_iPad = "UIInterfaceOrientationPortrait UIInterfaceOrientationPortraitUpsideDown UIInterfaceOrientationLandscapeLeft UIInterfaceOrientationLandscapeRight";
				INFOPLIST_KEY_UISupportedInterfaceOrientations_iPhone = "UIInterfaceOrientationPortrait UIInterfaceOrientationLandscapeLeft UIInterfaceOrientationLandscapeRight";
				LD_RUNPATH_SEARCH_PATHS = (
					"$(inherited)",
					"@executable_path/Frameworks",
				);
				MARKETING_VERSION = 1.0;
				PRODUCT_BUNDLE_IDENTIFIER = com.installmentsPoC;
				PRODUCT_NAME = "$(TARGET_NAME)";
				SWIFT_EMIT_LOC_STRINGS = YES;
				SWIFT_VERSION = 5.0;
				TARGETED_DEVICE_FAMILY = "1,2";
			};
			name = Release;
		};
/* End XCBuildConfiguration section */

/* Begin XCConfigurationList section */
		78CEE7C32797376A002622B1 /* Build configuration list for PBXProject "installmentsPoC" */ = {
			isa = XCConfigurationList;
			buildConfigurations = (
				78CEE7DA2797376C002622B1 /* Debug */,
				78CEE7DB2797376C002622B1 /* Release */,
			);
			defaultConfigurationIsVisible = 0;
			defaultConfigurationName = Release;
		};
		78CEE7DC2797376C002622B1 /* Build configuration list for PBXNativeTarget "installmentsPoC" */ = {
			isa = XCConfigurationList;
			buildConfigurations = (
				78CEE7DD2797376C002622B1 /* Debug */,
				78CEE7DE2797376C002622B1 /* Release */,
			);
			defaultConfigurationIsVisible = 0;
			defaultConfigurationName = Release;
		};
/* End XCConfigurationList section */
	};
	rootObject = 78CEE7C02797376A002622B1 /* Project object */;
}
